// !$*UTF8*$!
{
	archiveVersion = 1;
	classes = {
	};
	objectVersion = 50;
	objects = {

/* Begin PBXBuildFile section */
		2C54D0992179490000C78B74 /* AppDelegate.swift in Sources */ = {isa = PBXBuildFile; fileRef = 2C54D0982179490000C78B74 /* AppDelegate.swift */; };
		2C54D09B2179490000C78B74 /* ViewController.swift in Sources */ = {isa = PBXBuildFile; fileRef = 2C54D09A2179490000C78B74 /* ViewController.swift */; };
		2C54D09E2179490000C78B74 /* Main.storyboard in Resources */ = {isa = PBXBuildFile; fileRef = 2C54D09C2179490000C78B74 /* Main.storyboard */; };
		2C54D0A02179490200C78B74 /* Assets.xcassets in Resources */ = {isa = PBXBuildFile; fileRef = 2C54D09F2179490200C78B74 /* Assets.xcassets */; };
		2C54D0A32179490200C78B74 /* LaunchScreen.storyboard in Resources */ = {isa = PBXBuildFile; fileRef = 2C54D0A12179490200C78B74 /* LaunchScreen.storyboard */; };
		D4857D155D0C88610618EC2D /* Pods_IOS_Midterm.framework in Frameworks */ = {isa = PBXBuildFile; fileRef = 30DBBBC311585E1115A2F797 /* Pods_IOS_Midterm.framework */; };
/* End PBXBuildFile section */

/* Begin PBXFileReference section */
		194F282143AB1B58A1707F14 /* Pods-IOS-Midterm.release.xcconfig */ = {isa = PBXFileReference; includeInIndex = 1; lastKnownFileType = text.xcconfig; name = "Pods-IOS-Midterm.release.xcconfig"; path = "Pods/Target Support Files/Pods-IOS-Midterm/Pods-IOS-Midterm.release.xcconfig"; sourceTree = "<group>"; };
		2C54D0952179490000C78B74 /* IOS-Midterm.app */ = {isa = PBXFileReference; explicitFileType = wrapper.application; includeInIndex = 0; path = "IOS-Midterm.app"; sourceTree = BUILT_PRODUCTS_DIR; };
		2C54D0982179490000C78B74 /* AppDelegate.swift */ = {isa = PBXFileReference; lastKnownFileType = sourcecode.swift; path = AppDelegate.swift; sourceTree = "<group>"; };
		2C54D09A2179490000C78B74 /* ViewController.swift */ = {isa = PBXFileReference; lastKnownFileType = sourcecode.swift; path = ViewController.swift; sourceTree = "<group>"; };
		2C54D09D2179490000C78B74 /* Base */ = {isa = PBXFileReference; lastKnownFileType = file.storyboard; name = Base; path = Base.lproj/Main.storyboard; sourceTree = "<group>"; };
		2C54D09F2179490200C78B74 /* Assets.xcassets */ = {isa = PBXFileReference; lastKnownFileType = folder.assetcatalog; path = Assets.xcassets; sourceTree = "<group>"; };
		2C54D0A22179490200C78B74 /* Base */ = {isa = PBXFileReference; lastKnownFileType = file.storyboard; name = Base; path = Base.lproj/LaunchScreen.storyboard; sourceTree = "<group>"; };
		2C54D0A42179490200C78B74 /* Info.plist */ = {isa = PBXFileReference; lastKnownFileType = text.plist.xml; path = Info.plist; sourceTree = "<group>"; };
		30DBBBC311585E1115A2F797 /* Pods_IOS_Midterm.framework */ = {isa = PBXFileReference; explicitFileType = wrapper.framework; includeInIndex = 0; path = Pods_IOS_Midterm.framework; sourceTree = BUILT_PRODUCTS_DIR; };
		C62EA815D497576F8C4AF985 /* Pods-IOS-Midterm.debug.xcconfig */ = {isa = PBXFileReference; includeInIndex = 1; lastKnownFileType = text.xcconfig; name = "Pods-IOS-Midterm.debug.xcconfig"; path = "Pods/Target Support Files/Pods-IOS-Midterm/Pods-IOS-Midterm.debug.xcconfig"; sourceTree = "<group>"; };
/* End PBXFileReference section */

/* Begin PBXFrameworksBuildPhase section */
		2C54D0922179490000C78B74 /* Frameworks */ = {
			isa = PBXFrameworksBuildPhase;
			buildActionMask = 2147483647;
			files = (
				D4857D155D0C88610618EC2D /* Pods_IOS_Midterm.framework in Frameworks */,
			);
			runOnlyForDeploymentPostprocessing = 0;
		};
/* End PBXFrameworksBuildPhase section */

/* Begin PBXGroup section */
		2C54D08C2179490000C78B74 = {
			isa = PBXGroup;
			children = (
				2C54D0972179490000C78B74 /* IOS-Midterm */,
				2C54D0962179490000C78B74 /* Products */,
				3CB19FE9953EC266A664F38F /* Pods */,
				EA09F08F7AA1EF7D1EE88CB7 /* Frameworks */,
			);
			sourceTree = "<group>";
		};
		2C54D0962179490000C78B74 /* Products */ = {
			isa = PBXGroup;
			children = (
				2C54D0952179490000C78B74 /* IOS-Midterm.app */,
			);
			name = Products;
			sourceTree = "<group>";
		};
		2C54D0972179490000C78B74 /* IOS-Midterm */ = {
			isa = PBXGroup;
			children = (
				2C54D0982179490000C78B74 /* AppDelegate.swift */,
				2C54D09A2179490000C78B74 /* ViewController.swift */,
				2C54D09C2179490000C78B74 /* Main.storyboard */,
				2C54D09F2179490200C78B74 /* Assets.xcassets */,
				2C54D0A12179490200C78B74 /* LaunchScreen.storyboard */,
				2C54D0A42179490200C78B74 /* Info.plist */,
			);
			path = "IOS-Midterm";
			sourceTree = "<group>";
		};
		3CB19FE9953EC266A664F38F /* Pods */ = {
			isa = PBXGroup;
			children = (
				C62EA815D497576F8C4AF985 /* Pods-IOS-Midterm.debug.xcconfig */,
				194F282143AB1B58A1707F14 /* Pods-IOS-Midterm.release.xcconfig */,
			);
			name = Pods;
			sourceTree = "<group>";
		};
		EA09F08F7AA1EF7D1EE88CB7 /* Frameworks */ = {
			isa = PBXGroup;
			children = (
				30DBBBC311585E1115A2F797 /* Pods_IOS_Midterm.framework */,
			);
			name = Frameworks;
			sourceTree = "<group>";
		};
/* End PBXGroup section */

/* Begin PBXNativeTarget section */
		2C54D0942179490000C78B74 /* IOS-Midterm */ = {
			isa = PBXNativeTarget;
			buildConfigurationList = 2C54D0A72179490200C78B74 /* Build configuration list for PBXNativeTarget "IOS-Midterm" */;
			buildPhases = (
				654477FCCB8B621671173709 /* [CP] Check Pods Manifest.lock */,
				2C54D0912179490000C78B74 /* Sources */,
				2C54D0922179490000C78B74 /* Frameworks */,
				2C54D0932179490000C78B74 /* Resources */,
				EA80EBBFB3D3744B564AECF0 /* [CP] Embed Pods Frameworks */,
			);
			buildRules = (
			);
			dependencies = (
			);
			name = "IOS-Midterm";
			productName = "IOS-Midterm";
			productReference = 2C54D0952179490000C78B74 /* IOS-Midterm.app */;
			productType = "com.apple.product-type.application";
		};
/* End PBXNativeTarget section */

/* Begin PBXProject section */
		2C54D08D2179490000C78B74 /* Project object */ = {
			isa = PBXProject;
			attributes = {
				LastSwiftUpdateCheck = 1000;
				LastUpgradeCheck = 1000;
				ORGANIZATIONNAME = "Matin Salehi";
				TargetAttributes = {
					2C54D0942179490000C78B74 = {
						CreatedOnToolsVersion = 10.0;
					};
				};
			};
			buildConfigurationList = 2C54D0902179490000C78B74 /* Build configuration list for PBXProject "IOS-Midterm" */;
			compatibilityVersion = "Xcode 9.3";
			developmentRegion = en;
			hasScannedForEncodings = 0;
			knownRegions = (
				en,
				Base,
			);
			mainGroup = 2C54D08C2179490000C78B74;
			productRefGroup = 2C54D0962179490000C78B74 /* Products */;
			projectDirPath = "";
			projectRoot = "";
			targets = (
				2C54D0942179490000C78B74 /* IOS-Midterm */,
			);
		};
/* End PBXProject section */

/* Begin PBXResourcesBuildPhase section */
		2C54D0932179490000C78B74 /* Resources */ = {
			isa = PBXResourcesBuildPhase;
			buildActionMask = 2147483647;
			files = (
				2C54D0A32179490200C78B74 /* LaunchScreen.storyboard in Resources */,
				2C54D0A02179490200C78B74 /* Assets.xcassets in Resources */,
				2C54D09E2179490000C78B74 /* Main.storyboard in Resources */,
			);
			runOnlyForDeploymentPostprocessing = 0;
		};
/* End PBXResourcesBuildPhase section */

/* Begin PBXShellScriptBuildPhase section */
		654477FCCB8B621671173709 /* [CP] Check Pods Manifest.lock */ = {
			isa = PBXShellScriptBuildPhase;
			buildActionMask = 2147483647;
			files = (
			);
			inputFileListPaths = (
			);
			inputPaths = (
				"${PODS_PODFILE_DIR_PATH}/Podfile.lock",
				"${PODS_ROOT}/Manifest.lock",
			);
			name = "[CP] Check Pods Manifest.lock";
			outputFileListPaths = (
			);
			outputPaths = (
				"$(DERIVED_FILE_DIR)/Pods-IOS-Midterm-checkManifestLockResult.txt",
			);
			runOnlyForDeploymentPostprocessing = 0;
			shellPath = /bin/sh;
			shellScript = "diff \"${PODS_PODFILE_DIR_PATH}/Podfile.lock\" \"${PODS_ROOT}/Manifest.lock\" > /dev/null\nif [ $? != 0 ] ; then\n    # print error to STDERR\n    echo \"error: The sandbox is not in sync with the Podfile.lock. Run 'pod install' or update your CocoaPods installation.\" >&2\n    exit 1\nfi\n# This output is used by Xcode 'outputs' to avoid re-running this script phase.\necho \"SUCCESS\" > \"${SCRIPT_OUTPUT_FILE_0}\"\n";
			showEnvVarsInLog = 0;
		};
		EA80EBBFB3D3744B564AECF0 /* [CP] Embed Pods Frameworks */ = {
			isa = PBXShellScriptBuildPhase;
			buildActionMask = 2147483647;
			files = (
			);
			inputFileListPaths = (
			);
			inputPaths = (
				"${SRCROOT}/Pods/Target Support Files/Pods-IOS-Midterm/Pods-IOS-Midterm-frameworks.sh",
				"${BUILT_PRODUCTS_DIR}/RevealingSplashView/RevealingSplashView.framework",
			);
			name = "[CP] Embed Pods Frameworks";
			outputFileListPaths = (
			);
			outputPaths = (
				"${TARGET_BUILD_DIR}/${FRAMEWORKS_FOLDER_PATH}/RevealingSplashView.framework",
			);
			runOnlyForDeploymentPostprocessing = 0;
			shellPath = /bin/sh;
			shellScript = "\"${SRCROOT}/Pods/Target Support Files/Pods-IOS-Midterm/Pods-IOS-Midterm-frameworks.sh\"\n";
			showEnvVarsInLog = 0;
		};
/* End PBXShellScriptBuildPhase section */

/* Begin PBXSourcesBuildPhase section */
		2C54D0912179490000C78B74 /* Sources */ = {
			isa = PBXSourcesBuildPhase;
			buildActionMask = 2147483647;
			files = (
				2C54D09B2179490000C78B74 /* ViewController.swift in Sources */,
				2C54D0992179490000C78B74 /* AppDelegate.swift in Sources */,
			);
			runOnlyForDeploymentPostprocessing = 0;
		};
/* End PBXSourcesBuildPhase section */

/* Begin PBXVariantGroup section */
		2C54D09C2179490000C78B74 /* Main.storyboard */ = {
			isa = PBXVariantGroup;
			children = (
				2C54D09D2179490000C78B74 /* Base */,
			);
			name = Main.storyboard;
			sourceTree = "<group>";
		};
		2C54D0A12179490200C78B74 /* LaunchScreen.storyboard */ = {
			isa = PBXVariantGroup;
			children = (
				2C54D0A22179490200C78B74 /* Base */,
			);
			name = LaunchScreen.storyboard;
			sourceTree = "<group>";
		};
/* End PBXVariantGroup section */

/* Begin XCBuildConfiguration section */
		2C54D0A52179490200C78B74 /* Debug */ = {
			isa = XCBuildConfiguration;
			buildSettings = {
				ALWAYS_SEARCH_USER_PATHS = NO;
				CLANG_ANALYZER_NONNULL = YES;
				CLANG_ANALYZER_NUMBER_OBJECT_CONVERSION = YES_AGGRESSIVE;
				CLANG_CXX_LANGUAGE_STANDARD = "gnu++14";
				CLANG_CXX_LIBRARY = "libc++";
				CLANG_ENABLE_MODULES = YES;
				CLANG_ENABLE_OBJC_ARC = YES;
				CLANG_ENABLE_OBJC_WEAK = YES;
				CLANG_WARN_BLOCK_CAPTURE_AUTORELEASING = YES;
				CLANG_WARN_BOOL_CONVERSION = YES;
				CLANG_WARN_COMMA = YES;
				CLANG_WARN_CONSTANT_CONVERSION = YES;
				CLANG_WARN_DEPRECATED_OBJC_IMPLEMENTATIONS = YES;
				CLANG_WARN_DIRECT_OBJC_ISA_USAGE = YES_ERROR;
				CLANG_WARN_DOCUMENTATION_COMMENTS = YES;
				CLANG_WARN_EMPTY_BODY = YES;
				CLANG_WARN_ENUM_CONVERSION = YES;
				CLANG_WARN_INFINITE_RECURSION = YES;
				CLANG_WARN_INT_CONVERSION = YES;
				CLANG_WARN_NON_LITERAL_NULL_CONVERSION = YES;
				CLANG_WARN_OBJC_IMPLICIT_RETAIN_SELF = YES;
				CLANG_WARN_OBJC_LITERAL_CONVERSION = YES;
				CLANG_WARN_OBJC_ROOT_CLASS = YES_ERROR;
				CLANG_WARN_RANGE_LOOP_ANALYSIS = YES;
				CLANG_WARN_STRICT_PROTOTYPES = YES;
				CLANG_WARN_SUSPICIOUS_MOVE = YES;
				CLANG_WARN_UNGUARDED_AVAILABILITY = YES_AGGRESSIVE;
				CLANG_WARN_UNREACHABLE_CODE = YES;
				CLANG_WARN__DUPLICATE_METHOD_MATCH = YES;
				CODE_SIGN_IDENTITY = "iPhone Developer";
				COPY_PHASE_STRIP = NO;
				DEBUG_INFORMATION_FORMAT = dwarf;
				ENABLE_STRICT_OBJC_MSGSEND = YES;
				ENABLE_TESTABILITY = YES;
				GCC_C_LANGUAGE_STANDARD = gnu11;
				GCC_DYNAMIC_NO_PIC = NO;
				GCC_NO_COMMON_BLOCKS = YES;
				GCC_OPTIMIZATION_LEVEL = 0;
				GCC_PREPROCESSOR_DEFINITIONS = (
					"DEBUG=1",
					"$(inherited)",
				);
				GCC_WARN_64_TO_32_BIT_CONVERSION = YES;
				GCC_WARN_ABOUT_RETURN_TYPE = YES_ERROR;
				GCC_WARN_UNDECLARED_SELECTOR = YES;
				GCC_WARN_UNINITIALIZED_AUTOS = YES_AGGRESSIVE;
				GCC_WARN_UNUSED_FUNCTION = YES;
				GCC_WARN_UNUSED_VARIABLE = YES;
				IPHONEOS_DEPLOYMENT_TARGET = 12.0;
				MTL_ENABLE_DEBUG_INFO = INCLUDE_SOURCE;
				MTL_FAST_MATH = YES;
				ONLY_ACTIVE_ARCH = YES;
				SDKROOT = iphoneos;
				SWIFT_ACTIVE_COMPILATION_CONDITIONS = DEBUG;
				SWIFT_OPTIMIZATION_LEVEL = "-Onone";
			};
			name = Debug;
		};
		2C54D0A62179490200C78B74 /* Release */ = {
			isa = XCBuildConfiguration;
			buildSettings = {
				ALWAYS_SEARCH_USER_PATHS = NO;
				CLANG_ANALYZER_NONNULL = YES;
				CLANG_ANALYZER_NUMBER_OBJECT_CONVERSION = YES_AGGRESSIVE;
				CLANG_CXX_LANGUAGE_STANDARD = "gnu++14";
				CLANG_CXX_LIBRARY = "libc++";
				CLANG_ENABLE_MODULES = YES;
				CLANG_ENABLE_OBJC_ARC = YES;
				CLANG_ENABLE_OBJC_WEAK = YES;
				CLANG_WARN_BLOCK_CAPTURE_AUTORELEASING = YES;
				CLANG_WARN_BOOL_CONVERSION = YES;
				CLANG_WARN_COMMA = YES;
				CLANG_WARN_CONSTANT_CONVERSION = YES;
				CLANG_WARN_DEPRECATED_OBJC_IMPLEMENTATIONS = YES;
				CLANG_WARN_DIRECT_OBJC_ISA_USAGE = YES_ERROR;
				CLANG_WARN_DOCUMENTATION_COMMENTS = YES;
				CLANG_WARN_EMPTY_BODY = YES;
				CLANG_WARN_ENUM_CONVERSION = YES;
				CLANG_WARN_INFINITE_RECURSION = YES;
				CLANG_WARN_INT_CONVERSION = YES;
				CLANG_WARN_NON_LITERAL_NULL_CONVERSION = YES;
				CLANG_WARN_OBJC_IMPLICIT_RETAIN_SELF = YES;
				CLANG_WARN_OBJC_LITERAL_CONVERSION = YES;
				CLANG_WARN_OBJC_ROOT_CLASS = YES_ERROR;
				CLANG_WARN_RANGE_LOOP_ANALYSIS = YES;
				CLANG_WARN_STRICT_PROTOTYPES = YES;
				CLANG_WARN_SUSPICIOUS_MOVE = YES;
				CLANG_WARN_UNGUARDED_AVAILABILITY = YES_AGGRESSIVE;
				CLANG_WARN_UNREACHABLE_CODE = YES;
				CLANG_WARN__DUPLICATE_METHOD_MATCH = YES;
				CODE_SIGN_IDENTITY = "iPhone Developer";
				COPY_PHASE_STRIP = NO;
				DEBUG_INFORMATION_FORMAT = "dwarf-with-dsym";
				ENABLE_NS_ASSERTIONS = NO;
				ENABLE_STRICT_OBJC_MSGSEND = YES;
				GCC_C_LANGUAGE_STANDARD = gnu11;
				GCC_NO_COMMON_BLOCKS = YES;
				GCC_WARN_64_TO_32_BIT_CONVERSION = YES;
				GCC_WARN_ABOUT_RETURN_TYPE = YES_ERROR;
				GCC_WARN_UNDECLARED_SELECTOR = YES;
				GCC_WARN_UNINITIALIZED_AUTOS = YES_AGGRESSIVE;
				GCC_WARN_UNUSED_FUNCTION = YES;
				GCC_WARN_UNUSED_VARIABLE = YES;
				IPHONEOS_DEPLOYMENT_TARGET = 12.0;
				MTL_ENABLE_DEBUG_INFO = NO;
				MTL_FAST_MATH = YES;
				SDKROOT = iphoneos;
				SWIFT_COMPILATION_MODE = wholemodule;
				SWIFT_OPTIMIZATION_LEVEL = "-O";
				VALIDATE_PRODUCT = YES;
			};
			name = Release;
		};
		2C54D0A82179490200C78B74 /* Debug */ = {
			isa = XCBuildConfiguration;
			baseConfigurationReference = C62EA815D497576F8C4AF985 /* Pods-IOS-Midterm.debug.xcconfig */;
			buildSettings = {
				ASSETCATALOG_COMPILER_APPICON_NAME = AppIcon;
				CODE_SIGN_STYLE = Automatic;
				DEVELOPMENT_TEAM = 2BULHRS882;
				INFOPLIST_FILE = "IOS-Midterm/Info.plist";
				LD_RUNPATH_SEARCH_PATHS = (
					"$(inherited)",
					"@executable_path/Frameworks",
				);
				PRODUCT_BUNDLE_IDENTIFIER = "com.rocklobstre.calculator.IOS-Midterm";
				PRODUCT_NAME = "$(TARGET_NAME)";
				SWIFT_VERSION = 4.2;
				TARGETED_DEVICE_FAMILY = "1,2";
			};
			name = Debug;
		};
		2C54D0A92179490200C78B74 /* Release */ = {
			isa = XCBuildConfiguration;
			baseConfigurationReference = 194F282143AB1B58A1707F14 /* Pods-IOS-Midterm.release.xcconfig */;
			buildSettings = {
				ASSETCATALOG_COMPILER_APPICON_NAME = AppIcon;
				CODE_SIGN_STYLE = Automatic;
				DEVELOPMENT_TEAM = 2BULHRS882;
				INFOPLIST_FILE = "IOS-Midterm/Info.plist";
				LD_RUNPATH_SEARCH_PATHS = (
					"$(inherited)",
					"@executable_path/Frameworks",
				);
				PRODUCT_BUNDLE_IDENTIFIER = "com.rocklobstre.calculator.IOS-Midterm";
				PRODUCT_NAME = "$(TARGET_NAME)";
				SWIFT_VERSION = 4.2;
				TARGETED_DEVICE_FAMILY = "1,2";
			};
			name = Release;
		};
/* End XCBuildConfiguration section */

/* Begin XCConfigurationList section */
		2C54D0902179490000C78B74 /* Build configuration list for PBXProject "IOS-Midterm" */ = {
			isa = XCConfigurationList;
			buildConfigurations = (
				2C54D0A52179490200C78B74 /* Debug */,
				2C54D0A62179490200C78B74 /* Release */,
			);
			defaultConfigurationIsVisible = 0;
			defaultConfigurationName = Release;
		};
		2C54D0A72179490200C78B74 /* Build configuration list for PBXNativeTarget "IOS-Midterm" */ = {
			isa = XCConfigurationList;
			buildConfigurations = (
				2C54D0A82179490200C78B74 /* Debug */,
				2C54D0A92179490200C78B74 /* Release */,
			);
			defaultConfigurationIsVisible = 0;
			defaultConfigurationName = Release;
		};
/* End XCConfigurationList section */
	};
	rootObject = 2C54D08D2179490000C78B74 /* Project object */;
}
